// !$*UTF8*$!
{
	archiveVersion = 1;
	classes = {
	};
	objectVersion = 46;
	objects = {

/* Begin PBXBuildFile section */
		DB9AB6CA18AB9A48005D9DE5 /* Foundation.framework in Frameworks */ = {isa = PBXBuildFile; fileRef = DB9AB6C918AB9A48005D9DE5 /* Foundation.framework */; };
		DB9AB6CC18AB9A48005D9DE5 /* CoreGraphics.framework in Frameworks */ = {isa = PBXBuildFile; fileRef = DB9AB6CB18AB9A48005D9DE5 /* CoreGraphics.framework */; };
		DB9AB6CE18AB9A48005D9DE5 /* UIKit.framework in Frameworks */ = {isa = PBXBuildFile; fileRef = DB9AB6CD18AB9A48005D9DE5 /* UIKit.framework */; };
		DB9AB6D418AB9A49005D9DE5 /* InfoPlist.strings in Resources */ = {isa = PBXBuildFile; fileRef = DB9AB6D218AB9A49005D9DE5 /* InfoPlist.strings */; };
		DB9AB6D618AB9A49005D9DE5 /* main.m in Sources */ = {isa = PBXBuildFile; fileRef = DB9AB6D518AB9A49005D9DE5 /* main.m */; };
		DB9AB6DA18AB9A49005D9DE5 /* AppDelegate.m in Sources */ = {isa = PBXBuildFile; fileRef = DB9AB6D918AB9A49005D9DE5 /* AppDelegate.m */; };
		DB9AB6DD18AB9A49005D9DE5 /* Main.storyboard in Resources */ = {isa = PBXBuildFile; fileRef = DB9AB6DB18AB9A49005D9DE5 /* Main.storyboard */; };
		DB9AB6E018AB9A49005D9DE5 /* ViewController.m in Sources */ = {isa = PBXBuildFile; fileRef = DB9AB6DF18AB9A49005D9DE5 /* ViewController.m */; };
		DB9AB6E218AB9A49005D9DE5 /* Images.xcassets in Resources */ = {isa = PBXBuildFile; fileRef = DB9AB6E118AB9A49005D9DE5 /* Images.xcassets */; };
		DB9AB6E918AB9A49005D9DE5 /* XCTest.framework in Frameworks */ = {isa = PBXBuildFile; fileRef = DB9AB6E818AB9A49005D9DE5 /* XCTest.framework */; };
		DB9AB6EA18AB9A49005D9DE5 /* Foundation.framework in Frameworks */ = {isa = PBXBuildFile; fileRef = DB9AB6C918AB9A48005D9DE5 /* Foundation.framework */; };
		DB9AB6EB18AB9A49005D9DE5 /* UIKit.framework in Frameworks */ = {isa = PBXBuildFile; fileRef = DB9AB6CD18AB9A48005D9DE5 /* UIKit.framework */; };
		DB9AB6F318AB9A49005D9DE5 /* InfoPlist.strings in Resources */ = {isa = PBXBuildFile; fileRef = DB9AB6F118AB9A49005D9DE5 /* InfoPlist.strings */; };
		DB9AB6F518AB9A49005D9DE5 /* SampleOthello01Tests.m in Sources */ = {isa = PBXBuildFile; fileRef = DB9AB6F418AB9A49005D9DE5 /* SampleOthello01Tests.m */; };
		DB9AB70018AB9A69005D9DE5 /* BoradView.m in Sources */ = {isa = PBXBuildFile; fileRef = DB9AB6FF18AB9A69005D9DE5 /* BoradView.m */; };
		DBA49DFD18B0E6E300C48BD7 /* Computer.m in Sources */ = {isa = PBXBuildFile; fileRef = DBA49DFC18B0E6E300C48BD7 /* Computer.m */; };
/* End PBXBuildFile section */

/* Begin PBXContainerItemProxy section */
		DB9AB6EC18AB9A49005D9DE5 /* PBXContainerItemProxy */ = {
			isa = PBXContainerItemProxy;
			containerPortal = DB9AB6BE18AB9A48005D9DE5 /* Project object */;
			proxyType = 1;
			remoteGlobalIDString = DB9AB6C518AB9A48005D9DE5;
			remoteInfo = SampleOthello01;
		};
/* End PBXContainerItemProxy section */

/* Begin PBXFileReference section */
		DB9AB6C618AB9A48005D9DE5 /* SampleOthello01.app */ = {isa = PBXFileReference; explicitFileType = wrapper.application; includeInIndex = 0; path = SampleOthello01.app; sourceTree = BUILT_PRODUCTS_DIR; };
		DB9AB6C918AB9A48005D9DE5 /* Foundation.framework */ = {isa = PBXFileReference; lastKnownFileType = wrapper.framework; name = Foundation.framework; path = System/Library/Frameworks/Foundation.framework; sourceTree = SDKROOT; };
		DB9AB6CB18AB9A48005D9DE5 /* CoreGraphics.framework */ = {isa = PBXFileReference; lastKnownFileType = wrapper.framework; name = CoreGraphics.framework; path = System/Library/Frameworks/CoreGraphics.framework; sourceTree = SDKROOT; };
		DB9AB6CD18AB9A48005D9DE5 /* UIKit.framework */ = {isa = PBXFileReference; lastKnownFileType = wrapper.framework; name = UIKit.framework; path = System/Library/Frameworks/UIKit.framework; sourceTree = SDKROOT; };
		DB9AB6D118AB9A49005D9DE5 /* SampleOthello01-Info.plist */ = {isa = PBXFileReference; lastKnownFileType = text.plist.xml; path = "SampleOthello01-Info.plist"; sourceTree = "<group>"; };
		DB9AB6D318AB9A49005D9DE5 /* en */ = {isa = PBXFileReference; lastKnownFileType = text.plist.strings; name = en; path = en.lproj/InfoPlist.strings; sourceTree = "<group>"; };
		DB9AB6D518AB9A49005D9DE5 /* main.m */ = {isa = PBXFileReference; lastKnownFileType = sourcecode.c.objc; path = main.m; sourceTree = "<group>"; };
		DB9AB6D718AB9A49005D9DE5 /* SampleOthello01-Prefix.pch */ = {isa = PBXFileReference; lastKnownFileType = sourcecode.c.h; path = "SampleOthello01-Prefix.pch"; sourceTree = "<group>"; };
		DB9AB6D818AB9A49005D9DE5 /* AppDelegate.h */ = {isa = PBXFileReference; lastKnownFileType = sourcecode.c.h; path = AppDelegate.h; sourceTree = "<group>"; };
		DB9AB6D918AB9A49005D9DE5 /* AppDelegate.m */ = {isa = PBXFileReference; lastKnownFileType = sourcecode.c.objc; path = AppDelegate.m; sourceTree = "<group>"; };
		DB9AB6DC18AB9A49005D9DE5 /* Base */ = {isa = PBXFileReference; lastKnownFileType = file.storyboard; name = Base; path = Base.lproj/Main.storyboard; sourceTree = "<group>"; };
		DB9AB6DE18AB9A49005D9DE5 /* ViewController.h */ = {isa = PBXFileReference; lastKnownFileType = sourcecode.c.h; path = ViewController.h; sourceTree = "<group>"; };
		DB9AB6DF18AB9A49005D9DE5 /* ViewController.m */ = {isa = PBXFileReference; lastKnownFileType = sourcecode.c.objc; path = ViewController.m; sourceTree = "<group>"; };
		DB9AB6E118AB9A49005D9DE5 /* Images.xcassets */ = {isa = PBXFileReference; lastKnownFileType = folder.assetcatalog; path = Images.xcassets; sourceTree = "<group>"; };
		DB9AB6E718AB9A49005D9DE5 /* SampleOthello01Tests.xctest */ = {isa = PBXFileReference; explicitFileType = wrapper.cfbundle; includeInIndex = 0; path = SampleOthello01Tests.xctest; sourceTree = BUILT_PRODUCTS_DIR; };
		DB9AB6E818AB9A49005D9DE5 /* XCTest.framework */ = {isa = PBXFileReference; lastKnownFileType = wrapper.framework; name = XCTest.framework; path = Library/Frameworks/XCTest.framework; sourceTree = DEVELOPER_DIR; };
		DB9AB6F018AB9A49005D9DE5 /* SampleOthello01Tests-Info.plist */ = {isa = PBXFileReference; lastKnownFileType = text.plist.xml; path = "SampleOthello01Tests-Info.plist"; sourceTree = "<group>"; };
		DB9AB6F218AB9A49005D9DE5 /* en */ = {isa = PBXFileReference; lastKnownFileType = text.plist.strings; name = en; path = en.lproj/InfoPlist.strings; sourceTree = "<group>"; };
		DB9AB6F418AB9A49005D9DE5 /* SampleOthello01Tests.m */ = {isa = PBXFileReference; lastKnownFileType = sourcecode.c.objc; path = SampleOthello01Tests.m; sourceTree = "<group>"; };
		DB9AB6FE18AB9A69005D9DE5 /* BoradView.h */ = {isa = PBXFileReference; fileEncoding = 4; lastKnownFileType = sourcecode.c.h; path = BoradView.h; sourceTree = "<group>"; };
		DB9AB6FF18AB9A69005D9DE5 /* BoradView.m */ = {isa = PBXFileReference; fileEncoding = 4; lastKnownFileType = sourcecode.c.objc; path = BoradView.m; sourceTree = "<group>"; };
		DBA49DFB18B0E6E300C48BD7 /* Computer.h */ = {isa = PBXFileReference; fileEncoding = 4; lastKnownFileType = sourcecode.c.h; path = Computer.h; sourceTree = "<group>"; };
		DBA49DFC18B0E6E300C48BD7 /* Computer.m */ = {isa = PBXFileReference; fileEncoding = 4; lastKnownFileType = sourcecode.c.objc; path = Computer.m; sourceTree = "<group>"; };
/* End PBXFileReference section */

/* Begin PBXFrameworksBuildPhase section */
		DB9AB6C318AB9A48005D9DE5 /* Frameworks */ = {
			isa = PBXFrameworksBuildPhase;
			buildActionMask = 2147483647;
			files = (
				DB9AB6CC18AB9A48005D9DE5 /* CoreGraphics.framework in Frameworks */,
				DB9AB6CE18AB9A48005D9DE5 /* UIKit.framework in Frameworks */,
				DB9AB6CA18AB9A48005D9DE5 /* Foundation.framework in Frameworks */,
			);
			runOnlyForDeploymentPostprocessing = 0;
		};
		DB9AB6E418AB9A49005D9DE5 /* Frameworks */ = {
			isa = PBXFrameworksBuildPhase;
			buildActionMask = 2147483647;
			files = (
				DB9AB6E918AB9A49005D9DE5 /* XCTest.framework in Frameworks */,
				DB9AB6EB18AB9A49005D9DE5 /* UIKit.framework in Frameworks */,
				DB9AB6EA18AB9A49005D9DE5 /* Foundation.framework in Frameworks */,
			);
			runOnlyForDeploymentPostprocessing = 0;
		};
/* End PBXFrameworksBuildPhase section */

/* Begin PBXGroup section */
		DB9AB6BD18AB9A48005D9DE5 = {
			isa = PBXGroup;
			children = (
				DB9AB6CF18AB9A48005D9DE5 /* SampleOthello01 */,
				DB9AB6EE18AB9A49005D9DE5 /* SampleOthello01Tests */,
				DB9AB6C818AB9A48005D9DE5 /* Frameworks */,
				DB9AB6C718AB9A48005D9DE5 /* Products */,
			);
			sourceTree = "<group>";
		};
		DB9AB6C718AB9A48005D9DE5 /* Products */ = {
			isa = PBXGroup;
			children = (
				DB9AB6C618AB9A48005D9DE5 /* SampleOthello01.app */,
				DB9AB6E718AB9A49005D9DE5 /* SampleOthello01Tests.xctest */,
			);
			name = Products;
			sourceTree = "<group>";
		};
		DB9AB6C818AB9A48005D9DE5 /* Frameworks */ = {
			isa = PBXGroup;
			children = (
				DB9AB6C918AB9A48005D9DE5 /* Foundation.framework */,
				DB9AB6CB18AB9A48005D9DE5 /* CoreGraphics.framework */,
				DB9AB6CD18AB9A48005D9DE5 /* UIKit.framework */,
				DB9AB6E818AB9A49005D9DE5 /* XCTest.framework */,
			);
			name = Frameworks;
			sourceTree = "<group>";
		};
		DB9AB6CF18AB9A48005D9DE5 /* SampleOthello01 */ = {
			isa = PBXGroup;
			children = (
				DB9AB6D818AB9A49005D9DE5 /* AppDelegate.h */,
				DB9AB6D918AB9A49005D9DE5 /* AppDelegate.m */,
				DB9AB6DB18AB9A49005D9DE5 /* Main.storyboard */,
				DB9AB6DE18AB9A49005D9DE5 /* ViewController.h */,
				DB9AB6FE18AB9A69005D9DE5 /* BoradView.h */,
				DB9AB6FF18AB9A69005D9DE5 /* BoradView.m */,
				DBA49DFB18B0E6E300C48BD7 /* Computer.h */,
				DBA49DFC18B0E6E300C48BD7 /* Computer.m */,
				DB9AB6DF18AB9A49005D9DE5 /* ViewController.m */,
				DB9AB6E118AB9A49005D9DE5 /* Images.xcassets */,
				DB9AB6D018AB9A49005D9DE5 /* Supporting Files */,
			);
			path = SampleOthello01;
			sourceTree = "<group>";
		};
		DB9AB6D018AB9A49005D9DE5 /* Supporting Files */ = {
			isa = PBXGroup;
			children = (
				DB9AB6D118AB9A49005D9DE5 /* SampleOthello01-Info.plist */,
				DB9AB6D218AB9A49005D9DE5 /* InfoPlist.strings */,
				DB9AB6D518AB9A49005D9DE5 /* main.m */,
				DB9AB6D718AB9A49005D9DE5 /* SampleOthello01-Prefix.pch */,
			);
			name = "Supporting Files";
			sourceTree = "<group>";
		};
		DB9AB6EE18AB9A49005D9DE5 /* SampleOthello01Tests */ = {
			isa = PBXGroup;
			children = (
				DB9AB6F418AB9A49005D9DE5 /* SampleOthello01Tests.m */,
				DB9AB6EF18AB9A49005D9DE5 /* Supporting Files */,
			);
			path = SampleOthello01Tests;
			sourceTree = "<group>";
		};
		DB9AB6EF18AB9A49005D9DE5 /* Supporting Files */ = {
			isa = PBXGroup;
			children = (
				DB9AB6F018AB9A49005D9DE5 /* SampleOthello01Tests-Info.plist */,
				DB9AB6F118AB9A49005D9DE5 /* InfoPlist.strings */,
			);
			name = "Supporting Files";
			sourceTree = "<group>";
		};
/* End PBXGroup section */

/* Begin PBXNativeTarget section */
		DB9AB6C518AB9A48005D9DE5 /* SampleOthello01 */ = {
			isa = PBXNativeTarget;
			buildConfigurationList = DB9AB6F818AB9A49005D9DE5 /* Build configuration list for PBXNativeTarget "SampleOthello01" */;
			buildPhases = (
				DB9AB6C218AB9A48005D9DE5 /* Sources */,
				DB9AB6C318AB9A48005D9DE5 /* Frameworks */,
				DB9AB6C418AB9A48005D9DE5 /* Resources */,
			);
			buildRules = (
			);
			dependencies = (
			);
			name = SampleOthello01;
			productName = SampleOthello01;
			productReference = DB9AB6C618AB9A48005D9DE5 /* SampleOthello01.app */;
			productType = "com.apple.product-type.application";
		};
		DB9AB6E618AB9A49005D9DE5 /* SampleOthello01Tests */ = {
			isa = PBXNativeTarget;
			buildConfigurationList = DB9AB6FB18AB9A49005D9DE5 /* Build configuration list for PBXNativeTarget "SampleOthello01Tests" */;
			buildPhases = (
				DB9AB6E318AB9A49005D9DE5 /* Sources */,
				DB9AB6E418AB9A49005D9DE5 /* Frameworks */,
				DB9AB6E518AB9A49005D9DE5 /* Resources */,
			);
			buildRules = (
			);
			dependencies = (
				DB9AB6ED18AB9A49005D9DE5 /* PBXTargetDependency */,
			);
			name = SampleOthello01Tests;
			productName = SampleOthello01Tests;
			productReference = DB9AB6E718AB9A49005D9DE5 /* SampleOthello01Tests.xctest */;
			productType = "com.apple.product-type.bundle.unit-test";
		};
/* End PBXNativeTarget section */

/* Begin PBXProject section */
		DB9AB6BE18AB9A48005D9DE5 /* Project object */ = {
			isa = PBXProject;
			attributes = {
				LastUpgradeCheck = 0500;
				ORGANIZATIONNAME = YuichiSawada;
				TargetAttributes = {
					DB9AB6E618AB9A49005D9DE5 = {
						TestTargetID = DB9AB6C518AB9A48005D9DE5;
					};
				};
			};
			buildConfigurationList = DB9AB6C118AB9A48005D9DE5 /* Build configuration list for PBXProject "SampleOthello01" */;
			compatibilityVersion = "Xcode 3.2";
			developmentRegion = English;
			hasScannedForEncodings = 0;
			knownRegions = (
				en,
				Base,
			);
			mainGroup = DB9AB6BD18AB9A48005D9DE5;
			productRefGroup = DB9AB6C718AB9A48005D9DE5 /* Products */;
			projectDirPath = "";
			projectRoot = "";
			targets = (
				DB9AB6C518AB9A48005D9DE5 /* SampleOthello01 */,
				DB9AB6E618AB9A49005D9DE5 /* SampleOthello01Tests */,
			);
		};
/* End PBXProject section */

/* Begin PBXResourcesBuildPhase section */
		DB9AB6C418AB9A48005D9DE5 /* Resources */ = {
			isa = PBXResourcesBuildPhase;
			buildActionMask = 2147483647;
			files = (
				DB9AB6E218AB9A49005D9DE5 /* Images.xcassets in Resources */,
				DB9AB6D418AB9A49005D9DE5 /* InfoPlist.strings in Resources */,
				DB9AB6DD18AB9A49005D9DE5 /* Main.storyboard in Resources */,
			);
			runOnlyForDeploymentPostprocessing = 0;
		};
		DB9AB6E518AB9A49005D9DE5 /* Resources */ = {
			isa = PBXResourcesBuildPhase;
			buildActionMask = 2147483647;
			files = (
				DB9AB6F318AB9A49005D9DE5 /* InfoPlist.strings in Resources */,
			);
			runOnlyForDeploymentPostprocessing = 0;
		};
/* End PBXResourcesBuildPhase section */

/* Begin PBXSourcesBuildPhase section */
		DB9AB6C218AB9A48005D9DE5 /* Sources */ = {
			isa = PBXSourcesBuildPhase;
			buildActionMask = 2147483647;
			files = (
				DB9AB6E018AB9A49005D9DE5 /* ViewController.m in Sources */,
				DB9AB70018AB9A69005D9DE5 /* BoradView.m in Sources */,
				DB9AB6DA18AB9A49005D9DE5 /* AppDelegate.m in Sources */,
				DBA49DFD18B0E6E300C48BD7 /* Computer.m in Sources */,
				DB9AB6D618AB9A49005D9DE5 /* main.m in Sources */,
			);
			runOnlyForDeploymentPostprocessing = 0;
		};
		DB9AB6E318AB9A49005D9DE5 /* Sources */ = {
			isa = PBXSourcesBuildPhase;
			buildActionMask = 2147483647;
			files = (
				DB9AB6F518AB9A49005D9DE5 /* SampleOthello01Tests.m in Sources */,
			);
			runOnlyForDeploymentPostprocessing = 0;
		};
/* End PBXSourcesBuildPhase section */

/* Begin PBXTargetDependency section */
		DB9AB6ED18AB9A49005D9DE5 /* PBXTargetDependency */ = {
			isa = PBXTargetDependency;
			target = DB9AB6C518AB9A48005D9DE5 /* SampleOthello01 */;
			targetProxy = DB9AB6EC18AB9A49005D9DE5 /* PBXContainerItemProxy */;
		};
/* End PBXTargetDependency section */

/* Begin PBXVariantGroup section */
		DB9AB6D218AB9A49005D9DE5 /* InfoPlist.strings */ = {
			isa = PBXVariantGroup;
			children = (
				DB9AB6D318AB9A49005D9DE5 /* en */,
			);
			name = InfoPlist.strings;
			sourceTree = "<group>";
		};
		DB9AB6DB18AB9A49005D9DE5 /* Main.storyboard */ = {
			isa = PBXVariantGroup;
			children = (
				DB9AB6DC18AB9A49005D9DE5 /* Base */,
			);
			name = Main.storyboard;
			sourceTree = "<group>";
		};
		DB9AB6F118AB9A49005D9DE5 /* InfoPlist.strings */ = {
			isa = PBXVariantGroup;
			children = (
				DB9AB6F218AB9A49005D9DE5 /* en */,
			);
			name = InfoPlist.strings;
			sourceTree = "<group>";
		};
/* End PBXVariantGroup section */

/* Begin XCBuildConfiguration section */
		DB9AB6F618AB9A49005D9DE5 /* Debug */ = {
			isa = XCBuildConfiguration;
			buildSettings = {
				ALWAYS_SEARCH_USER_PATHS = NO;
				ARCHS = "$(ARCHS_STANDARD_INCLUDING_64_BIT)";
				CLANG_CXX_LANGUAGE_STANDARD = "gnu++0x";
				CLANG_CXX_LIBRARY = "libc++";
				CLANG_ENABLE_MODULES = YES;
				CLANG_ENABLE_OBJC_ARC = YES;
				CLANG_WARN_BOOL_CONVERSION = YES;
				CLANG_WARN_CONSTANT_CONVERSION = YES;
				CLANG_WARN_DIRECT_OBJC_ISA_USAGE = YES_ERROR;
				CLANG_WARN_EMPTY_BODY = YES;
				CLANG_WARN_ENUM_CONVERSION = YES;
				CLANG_WARN_INT_CONVERSION = YES;
				CLANG_WARN_OBJC_ROOT_CLASS = YES_ERROR;
				CLANG_WARN__DUPLICATE_METHOD_MATCH = YES;
				"CODE_SIGN_IDENTITY[sdk=iphoneos*]" = "iPhone Developer";
				COPY_PHASE_STRIP = NO;
				GCC_C_LANGUAGE_STANDARD = gnu99;
				GCC_DYNAMIC_NO_PIC = NO;
				GCC_OPTIMIZATION_LEVEL = 0;
				GCC_PREPROCESSOR_DEFINITIONS = (
					"DEBUG=1",
					"$(inherited)",
				);
				GCC_SYMBOLS_PRIVATE_EXTERN = NO;
				GCC_WARN_64_TO_32_BIT_CONVERSION = YES;
				GCC_WARN_ABOUT_RETURN_TYPE = YES_ERROR;
				GCC_WARN_UNDECLARED_SELECTOR = YES;
				GCC_WARN_UNINITIALIZED_AUTOS = YES;
				GCC_WARN_UNUSED_FUNCTION = YES;
				GCC_WARN_UNUSED_VARIABLE = YES;
				IPHONEOS_DEPLOYMENT_TARGET = 7.0;
				ONLY_ACTIVE_ARCH = YES;
				SDKROOT = iphoneos;
			};
			name = Debug;
		};
		DB9AB6F718AB9A49005D9DE5 /* Release */ = {
			isa = XCBuildConfiguration;
			buildSettings = {
				ALWAYS_SEARCH_USER_PATHS = NO;
				ARCHS = "$(ARCHS_STANDARD_INCLUDING_64_BIT)";
				CLANG_CXX_LANGUAGE_STANDARD = "gnu++0x";
				CLANG_CXX_LIBRARY = "libc++";
				CLANG_ENABLE_MODULES = YES;
				CLANG_ENABLE_OBJC_ARC = YES;
				CLANG_WARN_BOOL_CONVERSION = YES;
				CLANG_WARN_CONSTANT_CONVERSION = YES;
				CLANG_WARN_DIRECT_OBJC_ISA_USAGE = YES_ERROR;
				CLANG_WARN_EMPTY_BODY = YES;
				CLANG_WARN_ENUM_CONVERSION = YES;
				CLANG_WARN_INT_CONVERSION = YES;
				CLANG_WARN_OBJC_ROOT_CLASS = YES_ERROR;
				CLANG_WARN__DUPLICATE_METHOD_MATCH = YES;
				"CODE_SIGN_IDENTITY[sdk=iphoneos*]" = "iPhone Developer";
				COPY_PHASE_STRIP = YES;
				ENABLE_NS_ASSERTIONS = NO;
				GCC_C_LANGUAGE_STANDARD = gnu99;
				GCC_WARN_64_TO_32_BIT_CONVERSION = YES;
				GCC_WARN_ABOUT_RETURN_TYPE = YES_ERROR;
				GCC_WARN_UNDECLARED_SELECTOR = YES;
				GCC_WARN_UNINITIALIZED_AUTOS = YES;
				GCC_WARN_UNUSED_FUNCTION = YES;
				GCC_WARN_UNUSED_VARIABLE = YES;
				IPHONEOS_DEPLOYMENT_TARGET = 7.0;
				SDKROOT = iphoneos;
				VALIDATE_PRODUCT = YES;
			};
			name = Release;
		};
		DB9AB6F918AB9A49005D9DE5 /* Debug */ = {
			isa = XCBuildConfiguration;
			buildSettings = {
				ASSETCATALOG_COMPILER_APPICON_NAME = AppIcon;
				ASSETCATALOG_COMPILER_LAUNCHIMAGE_NAME = LaunchImage;
				GCC_PRECOMPILE_PREFIX_HEADER = YES;
				GCC_PREFIX_HEADER = "SampleOthello01/SampleOthello01-Prefix.pch";
				INFOPLIST_FILE = "SampleOthello01/SampleOthello01-Info.plist";
				PRODUCT_NAME = "$(TARGET_NAME)";
				WRAPPER_EXTENSION = app;
			};
			name = Debug;
		};
		DB9AB6FA18AB9A49005D9DE5 /* Release */ = {
			isa = XCBuildConfiguration;
			buildSettings = {
				ASSETCATALOG_COMPILER_APPICON_NAME = AppIcon;
				ASSETCATALOG_COMPILER_LAUNCHIMAGE_NAME = LaunchImage;
				GCC_PRECOMPILE_PREFIX_HEADER = YES;
				GCC_PREFIX_HEADER = "SampleOthello01/SampleOthello01-Prefix.pch";
				INFOPLIST_FILE = "SampleOthello01/SampleOthello01-Info.plist";
				PRODUCT_NAME = "$(TARGET_NAME)";
				WRAPPER_EXTENSION = app;
			};
			name = Release;
		};
		DB9AB6FC18AB9A49005D9DE5 /* Debug */ = {
			isa = XCBuildConfiguration;
			buildSettings = {
				ARCHS = "$(ARCHS_STANDARD_INCLUDING_64_BIT)";
				BUNDLE_LOADER = "$(BUILT_PRODUCTS_DIR)/SampleOthello01.app/SampleOthello01";
				FRAMEWORK_SEARCH_PATHS = (
					"$(SDKROOT)/Developer/Library/Frameworks",
					"$(inherited)",
					"$(DEVELOPER_FRAMEWORKS_DIR)",
				);
				GCC_PRECOMPILE_PREFIX_HEADER = YES;
				GCC_PREFIX_HEADER = "SampleOthello01/SampleOthello01-Prefix.pch";
				GCC_PREPROCESSOR_DEFINITIONS = (
					"DEBUG=1",
					"$(inherited)",
				);
				INFOPLIST_FILE = "SampleOthello01Tests/SampleOthello01Tests-Info.plist";
				PRODUCT_NAME = "$(TARGET_NAME)";
				TEST_HOST = "$(BUNDLE_LOADER)";
				WRAPPER_EXTENSION = xctest;
			};
			name = Debug;
		};
		DB9AB6FD18AB9A49005D9DE5 /* Release */ = {
			isa = XCBuildConfiguration;
			buildSettings = {
				ARCHS = "$(ARCHS_STANDARD_INCLUDING_64_BIT)";
				BUNDLE_LOADER = "$(BUILT_PRODUCTS_DIR)/SampleOthello01.app/SampleOthello01";
				FRAMEWORK_SEARCH_PATHS = (
					"$(SDKROOT)/Developer/Library/Frameworks",
					"$(inherited)",
					"$(DEVELOPER_FRAMEWORKS_DIR)",
				);
				GCC_PRECOMPILE_PREFIX_HEADER = YES;
				GCC_PREFIX_HEADER = "SampleOthello01/SampleOthello01-Prefix.pch";
				INFOPLIST_FILE = "SampleOthello01Tests/SampleOthello01Tests-Info.plist";
				PRODUCT_NAME = "$(TARGET_NAME)";
				TEST_HOST = "$(BUNDLE_LOADER)";
				WRAPPER_EXTENSION = xctest;
			};
			name = Release;
		};
/* End XCBuildConfiguration section */

/* Begin XCConfigurationList section */
		DB9AB6C118AB9A48005D9DE5 /* Build configuration list for PBXProject "SampleOthello01" */ = {
			isa = XCConfigurationList;
			buildConfigurations = (
				DB9AB6F618AB9A49005D9DE5 /* Debug */,
				DB9AB6F718AB9A49005D9DE5 /* Release */,
			);
			defaultConfigurationIsVisible = 0;
			defaultConfigurationName = Release;
		};
		DB9AB6F818AB9A49005D9DE5 /* Build configuration list for PBXNativeTarget "SampleOthello01" */ = {
			isa = XCConfigurationList;
			buildConfigurations = (
				DB9AB6F918AB9A49005D9DE5 /* Debug */,
				DB9AB6FA18AB9A49005D9DE5 /* Release */,
			);
			defaultConfigurationIsVisible = 0;
			defaultConfigurationName = Release;
		};
		DB9AB6FB18AB9A49005D9DE5 /* Build configuration list for PBXNativeTarget "SampleOthello01Tests" */ = {
			isa = XCConfigurationList;
			buildConfigurations = (
				DB9AB6FC18AB9A49005D9DE5 /* Debug */,
				DB9AB6FD18AB9A49005D9DE5 /* Release */,
			);
			defaultConfigurationIsVisible = 0;
			defaultConfigurationName = Release;
		};
/* End XCConfigurationList section */
	};
	rootObject = DB9AB6BE18AB9A48005D9DE5 /* Project object */;
}
